[[package]]
name = "aiohttp"
version = "3.8.3"
description = "Async http client/server framework (asyncio)"
category = "main"
optional = false
python-versions = ">=3.6"

[package.dependencies]
aiosignal = ">=1.1.2"
async-timeout = ">=4.0.0a3,<5.0"
attrs = ">=17.3.0"
charset-normalizer = ">=2.0,<3.0"
frozenlist = ">=1.1.1"
multidict = ">=4.5,<7.0"
yarl = ">=1.0,<2.0"

[package.extras]
speedups = ["aiodns", "brotli", "cchardet"]

[[package]]
name = "aiosignal"
version = "1.2.0"
description = "aiosignal: a list of registered asynchronous callbacks"
category = "main"
optional = false
python-versions = ">=3.6"

[package.dependencies]
frozenlist = ">=1.1.0"

[[package]]
name = "appdirs"
version = "1.4.4"
description = "A small Python module for determining appropriate platform-specific dirs, e.g. a \"user data dir\"."
category = "dev"
optional = false
python-versions = "*"

[[package]]
name = "async-timeout"
version = "4.0.2"
description = "Timeout context manager for asyncio programs"
category = "main"
optional = false
python-versions = ">=3.6"

[[package]]
name = "atomicwrites"
version = "1.4.1"
description = "Atomic file writes."
category = "dev"
optional = false
python-versions = ">=2.7, !=3.0.*, !=3.1.*, !=3.2.*, !=3.3.*"

[[package]]
name = "attrs"
version = "22.1.0"
description = "Classes Without Boilerplate"
category = "main"
optional = false
python-versions = ">=3.5"

[package.extras]
dev = ["coverage[toml] (>=5.0.2)", "hypothesis", "pympler", "pytest (>=4.3.0)", "mypy (>=0.900,!=0.940)", "pytest-mypy-plugins", "zope.interface", "furo", "sphinx", "sphinx-notfound-page", "pre-commit", "cloudpickle"]
docs = ["furo", "sphinx", "zope.interface", "sphinx-notfound-page"]
tests = ["coverage[toml] (>=5.0.2)", "hypothesis", "pympler", "pytest (>=4.3.0)", "mypy (>=0.900,!=0.940)", "pytest-mypy-plugins", "zope.interface", "cloudpickle"]
tests_no_zope = ["coverage[toml] (>=5.0.2)", "hypothesis", "pympler", "pytest (>=4.3.0)", "mypy (>=0.900,!=0.940)", "pytest-mypy-plugins", "cloudpickle"]

[[package]]
name = "black"
version = "20.8b1"
description = "The uncompromising code formatter."
category = "dev"
optional = false
python-versions = ">=3.6"

[package.dependencies]
appdirs = "*"
click = ">=7.1.2"
mypy-extensions = ">=0.4.3"
pathspec = ">=0.6,<1"
regex = ">=2020.1.8"
toml = ">=0.10.1"
typed-ast = ">=1.4.0"
typing-extensions = ">=3.7.4"

[package.extras]
colorama = ["colorama (>=0.4.3)"]
d = ["aiohttp (>=3.3.2)", "aiohttp-cors"]

[[package]]
name = "blis"
version = "0.7.8"
description = "The Blis BLAS-like linear algebra library, as a self-contained C-extension."
category = "main"
optional = false
python-versions = "*"

[package.dependencies]
numpy = ">=1.15.0"

[[package]]
name = "catalogue"
version = "2.0.8"
description = "Super lightweight function registries for your library"
category = "main"
optional = false
python-versions = ">=3.6"

[[package]]
name = "certifi"
version = "2022.9.24"
description = "Python package for providing Mozilla's CA Bundle."
category = "main"
optional = false
python-versions = ">=3.6"

[[package]]
name = "charset-normalizer"
version = "2.1.1"
description = "The Real First Universal Charset Detector. Open, modern and actively maintained alternative to Chardet."
category = "main"
optional = false
python-versions = ">=3.6.0"

[package.extras]
unicode_backport = ["unicodedata2"]

[[package]]
name = "click"
version = "8.1.3"
description = "Composable command line interface toolkit"
category = "main"
optional = false
python-versions = ">=3.7"

[package.dependencies]
colorama = {version = "*", markers = "platform_system == \"Windows\""}

[[package]]
name = "colorama"
version = "0.4.5"
description = "Cross-platform colored terminal text."
category = "main"
optional = false
python-versions = ">=2.7, !=3.0.*, !=3.1.*, !=3.2.*, !=3.3.*, !=3.4.*"

[[package]]
name = "confection"
version = "0.0.1"
description = "The sweetest config system for Python"
category = "main"
optional = false
python-versions = ">=3.6"

[package.dependencies]
pydantic = ">=1.7.4,<1.8 || >1.8,<1.8.1 || >1.8.1,<1.10.0"
srsly = ">=2.4.0,<3.0.0"

[[package]]
name = "contourpy"
version = "1.0.5"
description = "Python library for calculating contours of 2D quadrilateral grids"
category = "main"
optional = false
python-versions = ">=3.7"

[package.dependencies]
numpy = ">=1.16"

[package.extras]
test-no-codebase = ["pillow", "matplotlib", "pytest"]
test-minimal = ["pytest"]
test = ["isort", "flake8", "pillow", "matplotlib", "pytest"]
docs = ["sphinx-rtd-theme", "sphinx", "docutils (<0.18)"]
bokeh = ["selenium", "bokeh"]

[[package]]
name = "cycler"
version = "0.11.0"
description = "Composable style cycles"
category = "main"
optional = false
python-versions = ">=3.6"

[[package]]
name = "cymem"
version = "2.0.6"
description = "Manage calls to calloc/free through Cython"
category = "main"
optional = false
python-versions = "*"

[[package]]
name = "discord"
version = "2.0.0"
description = "A mirror package for discord.py. Please install that instead."
category = "main"
optional = false
python-versions = "*"

[package.dependencies]
"discord.py" = ">=2.0.0"

[[package]]
name = "discord.py"
version = "2.0.1"
description = "A Python wrapper for the Discord API"
category = "main"
optional = false
python-versions = ">=3.8.0"

[package.dependencies]
aiohttp = ">=3.7.4,<4"

[package.extras]
voice = ["PyNaCl (>=1.3.0,<1.6)"]
test = ["typing-extensions (>=4.3,<5)", "pytest-mock", "pytest-cov", "pytest-asyncio", "pytest", "coverage"]
speed = ["cchardet (==2.1.7)", "brotli", "aiodns (>=1.1)", "orjson (>=3.5.4)"]
docs = ["typing-extensions (>=4.3,<5)", "sphinxcontrib-websupport", "sphinxcontrib-trio (==1.1.2)", "sphinx (==4.4.0)"]

[[package]]
name = "fastai"
version = "2.7.9"
description = "fastai simplifies training fast and accurate neural nets using modern best practices"
category = "main"
optional = false
python-versions = ">=3.7"

[package.dependencies]
fastcore = ">=1.4.5,<1.6"
fastdownload = ">=0.0.5,<2"
fastprogress = ">=0.2.4"
matplotlib = "*"
packaging = "*"
pandas = "*"
pillow = ">6.0.0"
pyyaml = "*"
requests = "*"
scikit-learn = "*"
scipy = "*"
spacy = "<4"
torch = ">=1.7,<1.14"
torchvision = ">=0.8.2"

[package.extras]
dev = ["ipywidgets", "pytorch-lightning", "pytorch-ignite", "transformers", "sentencepiece", "tensorboard", "pydicom", "catalyst", "flask-compress", "captum (>=0.3)", "flask", "wandb", "kornia", "scikit-image", "neptune-client", "comet-ml", "albumentations", "opencv-python", "pyarrow", "ninja", "timm (>=0.6.2.dev)", "accelerate (>=0.10.0)"]

[[package]]
name = "fastcore"
version = "1.5.27"
description = "Python supercharged for fastai development"
category = "main"
optional = false
python-versions = ">=3.7"

[package.dependencies]
packaging = "*"

[package.extras]
dev = ["numpy", "nbdev (>=0.2.39)", "matplotlib", "pillow", "torch", "pandas", "jupyterlab"]

[[package]]
name = "fastdownload"
version = "0.0.7"
description = "A general purpose data downloading library."
category = "main"
optional = false
python-versions = ">=3.6"

[package.dependencies]
fastcore = ">=1.3.26"
fastprogress = "*"

[[package]]
name = "fastprogress"
version = "1.0.3"
description = "A nested progress with plotting options for fastai"
category = "main"
optional = false
python-versions = ">=3.6"

[[package]]
name = "flake8"
version = "3.9.2"
description = "the modular source code checker: pep8 pyflakes and co"
category = "dev"
optional = false
python-versions = "!=3.0.*,!=3.1.*,!=3.2.*,!=3.3.*,!=3.4.*,>=2.7"

[package.dependencies]
mccabe = ">=0.6.0,<0.7.0"
pycodestyle = ">=2.7.0,<2.8.0"
pyflakes = ">=2.3.0,<2.4.0"

[[package]]
name = "fonttools"
version = "4.37.3"
description = "Tools to manipulate font files"
category = "main"
optional = false
python-versions = ">=3.7"

[package.extras]
all = ["fs (>=2.2.0,<3)", "lxml (>=4.0,<5)", "zopfli (>=0.1.4)", "lz4 (>=1.7.4.2)", "matplotlib", "sympy", "skia-pathops (>=0.5.0)", "uharfbuzz (>=0.23.0)", "brotlicffi (>=0.8.0)", "scipy", "brotli (>=1.0.1)", "munkres", "unicodedata2 (>=14.0.0)", "xattr"]
graphite = ["lz4 (>=1.7.4.2)"]
interpolatable = ["scipy", "munkres"]
lxml = ["lxml (>=4.0,<5)"]
pathops = ["skia-pathops (>=0.5.0)"]
plot = ["matplotlib"]
repacker = ["uharfbuzz (>=0.23.0)"]
symfont = ["sympy"]
type1 = ["xattr"]
ufo = ["fs (>=2.2.0,<3)"]
unicode = ["unicodedata2 (>=14.0.0)"]
woff = ["zopfli (>=0.1.4)", "brotlicffi (>=0.8.0)", "brotli (>=1.0.1)"]

[[package]]
name = "frozenlist"
version = "1.3.1"
description = "A list-like structure which implements collections.abc.MutableSequence"
category = "main"
optional = false
python-versions = ">=3.7"

[[package]]
name = "idna"
version = "3.4"
description = "Internationalized Domain Names in Applications (IDNA)"
category = "main"
optional = false
python-versions = ">=3.5"

[[package]]
name = "jedi"
version = "0.17.2"
description = "An autocompletion tool for Python that can be used for text editors."
category = "dev"
optional = false
python-versions = ">=2.7, !=3.0.*, !=3.1.*, !=3.2.*, !=3.3.*, !=3.4.*"

[package.dependencies]
parso = ">=0.7.0,<0.8.0"

[package.extras]
qa = ["flake8 (==3.7.9)"]
testing = ["Django (<3.1)", "colorama", "docopt", "pytest (>=3.9.0,<5.0.0)"]

[[package]]
name = "jinja2"
version = "3.1.2"
description = "A very fast and expressive template engine."
category = "main"
optional = false
python-versions = ">=3.7"

[package.dependencies]
MarkupSafe = ">=2.0"

[package.extras]
i18n = ["Babel (>=2.7)"]

[[package]]
name = "joblib"
version = "1.2.0"
description = "Lightweight pipelining with Python functions"
category = "main"
optional = false
python-versions = ">=3.7"

[[package]]
name = "kiwisolver"
version = "1.4.4"
description = "A fast implementation of the Cassowary constraint solver"
category = "main"
optional = false
python-versions = ">=3.7"

[[package]]
name = "langcodes"
version = "3.3.0"
description = "Tools for labeling human languages with IETF language tags"
category = "main"
optional = false
python-versions = ">=3.6"

[package.extras]
data = ["language-data (>=1.1,<2.0)"]

[[package]]
name = "markupsafe"
version = "2.1.1"
description = "Safely add untrusted strings to HTML/XML markup."
category = "main"
optional = false
python-versions = ">=3.7"

[[package]]
name = "matplotlib"
version = "3.6.0"
description = "Python plotting package"
category = "main"
optional = false
python-versions = ">=3.8"

[package.dependencies]
contourpy = ">=1.0.1"
cycler = ">=0.10"
fonttools = ">=4.22.0"
kiwisolver = ">=1.0.1"
numpy = ">=1.19"
packaging = ">=20.0"
pillow = ">=6.2.0"
pyparsing = ">=2.2.1"
python-dateutil = ">=2.7"
setuptools_scm = ">=7"

[[package]]
name = "mccabe"
version = "0.6.1"
description = "McCabe checker, plugin for flake8"
category = "dev"
optional = false
python-versions = "*"

[[package]]
name = "mcrcon"
version = "0.6.0"
description = "A client for handling Remote Commands (RCON) to a Minecraft server."
category = "main"
optional = false
python-versions = "*"

[[package]]
name = "more-itertools"
version = "8.14.0"
description = "More routines for operating on iterables, beyond itertools"
category = "dev"
optional = false
python-versions = ">=3.5"

[[package]]
name = "multidict"
version = "6.0.2"
description = "multidict implementation"
category = "main"
optional = false
python-versions = ">=3.7"

[[package]]
name = "murmurhash"
version = "1.0.8"
description = "Cython bindings for MurmurHash"
category = "main"
optional = false
python-versions = ">=3.6"

[[package]]
name = "mypy-extensions"
version = "0.4.3"
description = "Experimental type system extensions for programs checked with the mypy typechecker."
category = "dev"
optional = false
python-versions = "*"

[[package]]
name = "numpy"
version = "1.23.3"
description = "NumPy is the fundamental package for array computing with Python."
category = "main"
optional = false
python-versions = ">=3.8"

[[package]]
name = "packaging"
version = "21.3"
description = "Core utilities for Python packages"
category = "main"
optional = false
python-versions = ">=3.6"

[package.dependencies]
pyparsing = ">=2.0.2,<3.0.5 || >3.0.5"

[[package]]
name = "pandas"
version = "1.5.0"
description = "Powerful data structures for data analysis, time series, and statistics"
category = "main"
optional = false
python-versions = ">=3.8"

[package.dependencies]
numpy = [
    {version = ">=1.21.0", markers = "python_version >= \"3.10\""},
    {version = ">=1.20.3", markers = "python_version < \"3.10\""},
]
python-dateutil = ">=2.8.1"
pytz = ">=2020.1"

[package.extras]
test = ["pytest-xdist (>=1.31)", "pytest (>=6.0)", "hypothesis (>=5.5.3)"]

[[package]]
name = "parso"
version = "0.7.1"
description = "A Python Parser"
category = "dev"
optional = false
python-versions = ">=2.7, !=3.0.*, !=3.1.*, !=3.2.*, !=3.3.*"

[package.extras]
testing = ["pytest (>=3.0.7)", "docopt"]

[[package]]
name = "pathspec"
version = "0.10.1"
description = "Utility library for gitignore style pattern matching of file paths."
category = "dev"
optional = false
python-versions = ">=3.7"

[[package]]
name = "pathy"
version = "0.6.2"
description = "pathlib.Path subclasses for local and cloud bucket storage"
category = "main"
optional = false
python-versions = ">= 3.6"

[package.dependencies]
smart-open = ">=5.2.1,<6.0.0"
typer = ">=0.3.0,<1.0.0"

[package.extras]
test = ["typer-cli", "mock", "pytest-coverage", "pytest"]
s3 = ["boto3"]
gcs = ["google-cloud-storage (>=1.26.0,<2.0.0)"]
all = ["typer-cli", "mock", "pytest-coverage", "pytest", "boto3", "google-cloud-storage (>=1.26.0,<2.0.0)"]

[[package]]
name = "pillow"
version = "9.2.0"
description = "Python Imaging Library (Fork)"
category = "main"
optional = false
python-versions = ">=3.7"

[package.extras]
docs = ["furo", "olefile", "sphinx (>=2.4)", "sphinx-copybutton", "sphinx-issues (>=3.0.1)", "sphinx-removed-in", "sphinxext-opengraph"]
tests = ["check-manifest", "coverage", "defusedxml", "markdown2", "olefile", "packaging", "pyroma", "pytest", "pytest-cov", "pytest-timeout"]

[[package]]
name = "pluggy"
version = "0.13.1"
description = "plugin and hook calling mechanisms for python"
category = "dev"
optional = false
python-versions = ">=2.7, !=3.0.*, !=3.1.*, !=3.2.*, !=3.3.*"

[package.extras]
dev = ["pre-commit", "tox"]

[[package]]
name = "preshed"
version = "3.0.7"
description = "Cython hash table that trusts the keys are pre-hashed"
category = "main"
optional = false
python-versions = ">=3.6"

[package.dependencies]
cymem = ">=2.0.2,<2.1.0"
murmurhash = ">=0.28.0,<1.1.0"

[[package]]
name = "py"
version = "1.11.0"
description = "library with cross-python path, ini-parsing, io, code, log facilities"
category = "dev"
optional = false
python-versions = ">=2.7, !=3.0.*, !=3.1.*, !=3.2.*, !=3.3.*, !=3.4.*"

[[package]]
name = "pycodestyle"
version = "2.7.0"
description = "Python style guide checker"
category = "dev"
optional = false
python-versions = ">=2.7, !=3.0.*, !=3.1.*, !=3.2.*, !=3.3.*"

[[package]]
name = "pydantic"
version = "1.9.2"
description = "Data validation and settings management using python type hints"
category = "main"
optional = false
python-versions = ">=3.6.1"

[package.dependencies]
typing-extensions = ">=3.7.4.3"

[package.extras]
dotenv = ["python-dotenv (>=0.10.4)"]
email = ["email-validator (>=1.0.3)"]

[[package]]
name = "pyflakes"
version = "2.3.1"
description = "passive checker of Python programs"
category = "dev"
optional = false
python-versions = ">=2.7, !=3.0.*, !=3.1.*, !=3.2.*, !=3.3.*"

[[package]]
name = "pyparsing"
version = "3.0.9"
description = "pyparsing module - Classes and methods to define and execute parsing grammars"
category = "main"
optional = false
python-versions = ">=3.6.8"

[package.extras]
diagrams = ["railroad-diagrams", "jinja2"]

[[package]]
name = "pystemd"
version = "0.8.0"
description = "A systemd binding for python"
category = "main"
optional = false
python-versions = "*"

[[package]]
name = "pytest"
version = "5.4.3"
description = "pytest: simple powerful testing with Python"
category = "dev"
optional = false
python-versions = ">=3.5"

[package.dependencies]
atomicwrites = {version = ">=1.0", markers = "sys_platform == \"win32\""}
attrs = ">=17.4.0"
colorama = {version = "*", markers = "sys_platform == \"win32\""}
more-itertools = ">=4.0.0"
packaging = "*"
pluggy = ">=0.12,<1.0"
py = ">=1.5.0"
wcwidth = "*"

[package.extras]
checkqa-mypy = ["mypy (==v0.761)"]
testing = ["argcomplete", "hypothesis (>=3.56)", "mock", "nose", "requests", "xmlschema"]

[[package]]
name = "python-dateutil"
version = "2.8.2"
description = "Extensions to the standard Python datetime module"
category = "main"
optional = false
python-versions = "!=3.0.*,!=3.1.*,!=3.2.*,>=2.7"

[package.dependencies]
six = ">=1.5"

[[package]]
name = "python-dotenv"
version = "0.14.0"
description = "Add .env support to your django/flask apps in development and deployments"
category = "main"
optional = false
python-versions = "*"

[package.extras]
cli = ["click (>=5.0)"]

[[package]]
name = "pytz"
version = "2022.2.1"
description = "World timezone definitions, modern and historical"
category = "main"
optional = false
python-versions = "*"

[[package]]
name = "pyyaml"
version = "6.0"
description = "YAML parser and emitter for Python"
category = "main"
optional = false
python-versions = ">=3.6"

[[package]]
name = "regex"
version = "2022.9.13"
description = "Alternative regular expression module, to replace re."
category = "dev"
optional = false
python-versions = ">=3.6"

[[package]]
name = "requests"
version = "2.28.1"
description = "Python HTTP for Humans."
category = "main"
optional = false
python-versions = ">=3.7, <4"

[package.dependencies]
certifi = ">=2017.4.17"
charset-normalizer = ">=2,<3"
idna = ">=2.5,<4"
urllib3 = ">=1.21.1,<1.27"

[package.extras]
socks = ["PySocks (>=1.5.6,!=1.5.7)"]
use_chardet_on_py3 = ["chardet (>=3.0.2,<6)"]

[[package]]
name = "scikit-learn"
version = "1.1.2"
description = "A set of python modules for machine learning and data mining"
category = "main"
optional = false
python-versions = ">=3.8"

[package.dependencies]
joblib = ">=1.0.0"
numpy = ">=1.17.3"
scipy = ">=1.3.2"
threadpoolctl = ">=2.0.0"

[package.extras]
tests = ["numpydoc (>=1.2.0)", "pyamg (>=4.0.0)", "mypy (>=0.961)", "black (>=22.3.0)", "flake8 (>=3.8.2)", "pytest-cov (>=2.9.0)", "pytest (>=5.0.1)", "pandas (>=1.0.5)", "scikit-image (>=0.16.2)", "matplotlib (>=3.1.2)"]
examples = ["seaborn (>=0.9.0)", "pandas (>=1.0.5)", "scikit-image (>=0.16.2)", "matplotlib (>=3.1.2)"]
docs = ["sphinxext-opengraph (>=0.4.2)", "sphinx-prompt (>=1.3.0)", "Pillow (>=7.1.2)", "numpydoc (>=1.2.0)", "sphinx-gallery (>=0.7.0)", "sphinx (>=4.0.1)", "memory-profiler (>=0.57.0)", "seaborn (>=0.9.0)", "pandas (>=1.0.5)", "scikit-image (>=0.16.2)", "matplotlib (>=3.1.2)"]
benchmark = ["memory-profiler (>=0.57.0)", "pandas (>=1.0.5)", "matplotlib (>=3.1.2)"]

[[package]]
name = "scipy"
version = "1.6.1"
description = "SciPy: Scientific Library for Python"
category = "main"
optional = false
python-versions = ">=3.7"

[package.dependencies]
numpy = ">=1.16.5"

[[package]]
name = "setuptools-scm"
version = "7.0.5"
description = "the blessed package to manage your versions by scm tags"
category = "main"
optional = false
python-versions = ">=3.7"

[package.dependencies]
packaging = ">=20.0"
tomli = ">=1.0.0"
typing-extensions = "*"

[package.extras]
test = ["pytest (>=6.2)", "virtualenv (>20)"]
toml = ["setuptools (>=42)"]

[[package]]
name = "six"
version = "1.16.0"
description = "Python 2 and 3 compatibility utilities"
category = "main"
optional = false
python-versions = ">=2.7, !=3.0.*, !=3.1.*, !=3.2.*"

[[package]]
name = "smart-open"
version = "5.2.1"
description = "Utils for streaming large files (S3, HDFS, GCS, Azure Blob Storage, gzip, bz2...)"
category = "main"
optional = false
python-versions = ">=3.6,<4.0"

[package.extras]
all = ["boto3", "google-cloud-storage", "azure-storage-blob", "azure-common", "azure-core", "requests"]
azure = ["azure-storage-blob", "azure-common", "azure-core"]
gcs = ["google-cloud-storage"]
http = ["requests"]
s3 = ["boto3"]
test = ["boto3", "google-cloud-storage", "azure-storage-blob", "azure-common", "azure-core", "requests", "moto[server] (==1.3.14)", "pathlib2", "responses", "paramiko", "parameterizedtestcase", "pytest", "pytest-rerunfailures"]
webhdfs = ["requests"]

[[package]]
name = "spacy"
version = "3.4.1"
description = "Industrial-strength Natural Language Processing (NLP) in Python"
category = "main"
optional = false
python-versions = ">=3.6"

[package.dependencies]
catalogue = ">=2.0.6,<2.1.0"
cymem = ">=2.0.2,<2.1.0"
jinja2 = "*"
langcodes = ">=3.2.0,<4.0.0"
murmurhash = ">=0.28.0,<1.1.0"
numpy = ">=1.15.0"
packaging = ">=20.0"
pathy = ">=0.3.5"
preshed = ">=3.0.2,<3.1.0"
pydantic = ">=1.7.4,<1.8 || >1.8,<1.8.1 || >1.8.1,<1.10.0"
requests = ">=2.13.0,<3.0.0"
spacy-legacy = ">=3.0.9,<3.1.0"
spacy-loggers = ">=1.0.0,<2.0.0"
srsly = ">=2.4.3,<3.0.0"
thinc = ">=8.1.0,<8.2.0"
tqdm = ">=4.38.0,<5.0.0"
typer = ">=0.3.0,<0.5.0"
wasabi = ">=0.9.1,<1.1.0"

[package.extras]
apple = ["thinc-apple-ops (>=0.1.0.dev0,<1.0.0)"]
cuda = ["cupy (>=5.0.0b4,<11.0.0)"]
cuda100 = ["cupy-cuda100 (>=5.0.0b4,<11.0.0)"]
cuda101 = ["cupy-cuda101 (>=5.0.0b4,<11.0.0)"]
cuda102 = ["cupy-cuda102 (>=5.0.0b4,<11.0.0)"]
cuda110 = ["cupy-cuda110 (>=5.0.0b4,<11.0.0)"]
cuda111 = ["cupy-cuda111 (>=5.0.0b4,<11.0.0)"]
cuda112 = ["cupy-cuda112 (>=5.0.0b4,<11.0.0)"]
cuda113 = ["cupy-cuda113 (>=5.0.0b4,<11.0.0)"]
cuda114 = ["cupy-cuda114 (>=5.0.0b4,<11.0.0)"]
cuda115 = ["cupy-cuda115 (>=5.0.0b4,<11.0.0)"]
cuda116 = ["cupy-cuda116 (>=5.0.0b4,<11.0.0)"]
cuda117 = ["cupy-cuda117 (>=5.0.0b4,<11.0.0)"]
cuda80 = ["cupy-cuda80 (>=5.0.0b4,<11.0.0)"]
cuda90 = ["cupy-cuda90 (>=5.0.0b4,<11.0.0)"]
cuda91 = ["cupy-cuda91 (>=5.0.0b4,<11.0.0)"]
cuda92 = ["cupy-cuda92 (>=5.0.0b4,<11.0.0)"]
ja = ["sudachipy (>=0.5.2,!=0.6.1)", "sudachidict-core (>=20211220)"]
ko = ["natto-py (==0.9.0)"]
lookups = ["spacy-lookups-data (>=1.0.3,<1.1.0)"]
ray = ["spacy-ray (>=0.1.0,<1.0.0)"]
th = ["pythainlp (>=2.0)"]
transformers = ["spacy-transformers (>=1.1.2,<1.2.0)"]

[[package]]
name = "spacy-legacy"
version = "3.0.10"
description = "Legacy registered functions for spaCy backwards compatibility"
category = "main"
optional = false
python-versions = ">=3.6"

[[package]]
name = "spacy-loggers"
version = "1.0.3"
description = "Logging utilities for SpaCy"
category = "main"
optional = false
python-versions = ">=3.6"

[package.dependencies]
wasabi = ">=0.8.1,<1.1.0"

[[package]]
name = "srsly"
version = "2.4.4"
description = "Modern high-performance serialization utilities for Python"
category = "main"
optional = false
python-versions = ">=3.6"

[package.dependencies]
catalogue = ">=2.0.3,<2.1.0"

[[package]]
name = "thinc"
version = "8.1.2"
description = "A refreshing functional take on deep learning, compatible with your favorite libraries"
category = "main"
optional = false
python-versions = ">=3.6"

[package.dependencies]
blis = ">=0.7.8,<0.8.0"
catalogue = ">=2.0.4,<2.1.0"
confection = ">=0.0.1,<1.0.0"
cymem = ">=2.0.2,<2.1.0"
murmurhash = ">=1.0.2,<1.1.0"
numpy = ">=1.15.0"
preshed = ">=3.0.2,<3.1.0"
pydantic = ">=1.7.4,<1.8 || >1.8,<1.8.1 || >1.8.1,<1.10.0"
srsly = ">=2.4.0,<3.0.0"
wasabi = ">=0.8.1,<1.1.0"

[package.extras]
cuda = ["cupy (>=5.0.0b4)"]
cuda-autodetect = ["cupy-wheel (>=11.0.0)"]
cuda100 = ["cupy-cuda100 (>=5.0.0b4)"]
cuda101 = ["cupy-cuda101 (>=5.0.0b4)"]
cuda102 = ["cupy-cuda102 (>=5.0.0b4)"]
cuda110 = ["cupy-cuda110 (>=5.0.0b4)"]
cuda111 = ["cupy-cuda111 (>=5.0.0b4)"]
cuda112 = ["cupy-cuda112 (>=5.0.0b4)"]
cuda113 = ["cupy-cuda113 (>=5.0.0b4)"]
cuda114 = ["cupy-cuda114 (>=5.0.0b4)"]
cuda115 = ["cupy-cuda115 (>=5.0.0b4)"]
cuda116 = ["cupy-cuda116 (>=5.0.0b4)"]
cuda117 = ["cupy-cuda117 (>=5.0.0b4)"]
cuda11x = ["cupy-cuda11x (>=11.0.0)"]
cuda80 = ["cupy-cuda80 (>=5.0.0b4)"]
cuda90 = ["cupy-cuda90 (>=5.0.0b4)"]
cuda91 = ["cupy-cuda91 (>=5.0.0b4)"]
cuda92 = ["cupy-cuda92 (>=5.0.0b4)"]
datasets = ["ml-datasets (>=0.2.0,<0.3.0)"]
mxnet = ["mxnet (>=1.5.1,<1.6.0)"]
tensorflow = ["tensorflow (>=2.0.0,<2.6.0)"]
torch = ["torch (>=1.6.0)"]

[[package]]
name = "threadpoolctl"
version = "3.1.0"
description = "threadpoolctl"
category = "main"
optional = false
python-versions = ">=3.6"

[[package]]
name = "toml"
version = "0.10.2"
description = "Python Library for Tom's Obvious, Minimal Language"
category = "dev"
optional = false
python-versions = ">=2.6, !=3.0.*, !=3.1.*, !=3.2.*"

[[package]]
name = "tomli"
version = "2.0.1"
description = "A lil' TOML parser"
category = "main"
optional = false
python-versions = ">=3.7"

[[package]]
name = "torch"
version = "1.12.1"
description = "Tensors and Dynamic neural networks in Python with strong GPU acceleration"
category = "main"
optional = false
python-versions = ">=3.7.0"

[package.dependencies]
typing-extensions = "*"

[[package]]
name = "torchvision"
version = "0.13.1"
description = "image and video datasets and models for torch deep learning"
category = "main"
optional = false
python-versions = ">=3.7"

[package.dependencies]
numpy = "*"
pillow = ">=5.3.0,<8.3.0 || >=8.4.0"
requests = "*"
torch = "1.12.1"
typing-extensions = "*"

[package.extras]
scipy = ["scipy"]

[[package]]
name = "tqdm"
version = "4.64.1"
description = "Fast, Extensible Progress Meter"
category = "main"
optional = false
python-versions = "!=3.0.*,!=3.1.*,!=3.2.*,!=3.3.*,>=2.7"

[package.dependencies]
colorama = {version = "*", markers = "platform_system == \"Windows\""}

[package.extras]
dev = ["py-make (>=0.1.0)", "twine", "wheel"]
notebook = ["ipywidgets (>=6)"]
slack = ["slack-sdk"]
telegram = ["requests"]

[[package]]
name = "typed-ast"
version = "1.5.4"
description = "a fork of Python 2 and 3 ast modules with type comment support"
category = "dev"
optional = false
python-versions = ">=3.6"

[[package]]
name = "typer"
version = "0.4.2"
description = "Typer, build great CLIs. Easy to code. Based on Python type hints."
category = "main"
optional = false
python-versions = ">=3.6"

[package.dependencies]
click = ">=7.1.1,<9.0.0"

[package.extras]
test = ["isort (>=5.0.6,<6.0.0)", "black (>=22.3.0,<23.0.0)", "mypy (==0.910)", "pytest-sugar (>=0.9.4,<0.10.0)", "pytest-xdist (>=1.32.0,<2.0.0)", "coverage (>=5.2,<6.0)", "pytest-cov (>=2.10.0,<3.0.0)", "pytest (>=4.4.0,<5.4.0)", "shellingham (>=1.3.0,<2.0.0)"]
doc = ["mdx-include (>=1.4.1,<2.0.0)", "mkdocs-material (>=8.1.4,<9.0.0)", "mkdocs (>=1.1.2,<2.0.0)"]
dev = ["pre-commit (>=2.17.0,<3.0.0)", "flake8 (>=3.8.3,<4.0.0)", "autoflake (>=1.3.1,<2.0.0)"]
all = ["shellingham (>=1.3.0,<2.0.0)", "colorama (>=0.4.3,<0.5.0)"]

[[package]]
name = "typing-extensions"
version = "4.3.0"
description = "Backported and Experimental Type Hints for Python 3.7+"
category = "main"
optional = false
python-versions = ">=3.7"

[[package]]
name = "urllib3"
version = "1.26.12"
description = "HTTP library with thread-safe connection pooling, file post, and more."
category = "main"
optional = false
python-versions = ">=2.7, !=3.0.*, !=3.1.*, !=3.2.*, !=3.3.*, !=3.4.*, !=3.5.*, <4"

[package.extras]
brotli = ["brotlicffi (>=0.8.0)", "brotli (>=1.0.9)", "brotlipy (>=0.6.0)"]
secure = ["pyOpenSSL (>=0.14)", "cryptography (>=1.3.4)", "idna (>=2.0.0)", "certifi", "urllib3-secure-extra", "ipaddress"]
socks = ["PySocks (>=1.5.6,!=1.5.7,<2.0)"]

[[package]]
name = "wasabi"
version = "0.10.1"
description = "A lightweight console printing and formatting toolkit"
category = "main"
optional = false
python-versions = "*"

[[package]]
name = "wcwidth"
version = "0.2.5"
description = "Measures the displayed width of unicode strings in a terminal"
category = "dev"
optional = false
python-versions = "*"

[[package]]
name = "yarl"
version = "1.8.1"
description = "Yet another URL library"
category = "main"
optional = false
python-versions = ">=3.7"

[package.dependencies]
idna = ">=2.0"
multidict = ">=4.0"

[metadata]
lock-version = "1.1"
python-versions = "^3.8"
content-hash = "1a0b555a99c0a6df9598db6e8487873cd16bbfd3f1436ab9a59e373b3c1445e4"

[metadata.files]
aiohttp = []
aiosignal = []
appdirs = []
async-timeout = []
atomicwrites = []
attrs = []
black = []
blis = []
catalogue = []
certifi = []
charset-normalizer = []
click = []
colorama = []
confection = []
contourpy = []
cycler = []
cymem = []
discord = []
"discord.py" = []
fastai = []
fastcore = []
fastdownload = []
fastprogress = []
flake8 = []
fonttools = []
frozenlist = []
idna = []
jedi = []
jinja2 = []
joblib = []
kiwisolver = []
langcodes = []
markupsafe = []
matplotlib = []
mccabe = []
mcrcon = []
more-itertools = []
multidict = []
murmurhash = []
mypy-extensions = []
numpy = []
packaging = []
pandas = []
parso = []
pathspec = []
pathy = []
pillow = []
pluggy = []
preshed = []
py = []
pycodestyle = []
pydantic = []
pyflakes = []
pyparsing = []
pystemd = []
pytest = []
python-dateutil = []
python-dotenv = []
pytz = []
pyyaml = []
regex = []
requests = []
scikit-learn = []
scipy = []
setuptools-scm = []
six = []
smart-open = []
spacy = []
spacy-legacy = []
spacy-loggers = []
srsly = []
thinc = []
threadpoolctl = []
toml = []
tomli = []
torch = []
torchvision = []
tqdm = []
typed-ast = []
typer = []
typing-extensions = []
urllib3 = []
wasabi = []
wcwidth = []
yarl = []
